// !$*UTF8*$!
{
	archiveVersion = 1;
	classes = {
	};
	objectVersion = 46;
	objects = {

/* Begin PBXBuildFile section */
		F6B886841DD1A2E100884EB2 /* main.c in Sources */ = {isa = PBXBuildFile; fileRef = F6B886831DD1A2E100884EB2 /* main.c */; };
		F6B8868C1DD1A46F00884EB2 /* vector.c in Sources */ = {isa = PBXBuildFile; fileRef = F6B8868A1DD1A46F00884EB2 /* vector.c */; };
		F6B8868F1DD1A49A00884EB2 /* raycast.c in Sources */ = {isa = PBXBuildFile; fileRef = F6B8868D1DD1A49A00884EB2 /* raycast.c */; };
		F6B886921DD1A4A400884EB2 /* ppm.c in Sources */ = {isa = PBXBuildFile; fileRef = F6B886901DD1A4A400884EB2 /* ppm.c */; };
		F6B886951DD1A4B600884EB2 /* json.c in Sources */ = {isa = PBXBuildFile; fileRef = F6B886931DD1A4B600884EB2 /* json.c */; };
		F6B886981DD1A4C900884EB2 /* illumination.c in Sources */ = {isa = PBXBuildFile; fileRef = F6B886961DD1A4C900884EB2 /* illumination.c */; };
/* End PBXBuildFile section */

/* Begin PBXCopyFilesBuildPhase section */
		F6B8867E1DD1A2E100884EB2 /* CopyFiles */ = {
			isa = PBXCopyFilesBuildPhase;
			buildActionMask = 2147483647;
			dstPath = /usr/share/man/man1/;
			dstSubfolderSpec = 0;
			files = (
			);
			runOnlyForDeploymentPostprocessing = 1;
		};
/* End PBXCopyFilesBuildPhase section */

/* Begin PBXFileReference section */
		F6B886801DD1A2E100884EB2 /* RayTracing */ = {isa = PBXFileReference; explicitFileType = "compiled.mach-o.executable"; includeInIndex = 0; path = RayTracing; sourceTree = BUILT_PRODUCTS_DIR; };
		F6B886831DD1A2E100884EB2 /* main.c */ = {isa = PBXFileReference; lastKnownFileType = sourcecode.c.c; path = main.c; sourceTree = "<group>"; };
		F6B8868A1DD1A46F00884EB2 /* vector.c */ = {isa = PBXFileReference; fileEncoding = 4; lastKnownFileType = sourcecode.c.c; path = vector.c; sourceTree = "<group>"; };
		F6B8868B1DD1A46F00884EB2 /* vector.h */ = {isa = PBXFileReference; fileEncoding = 4; lastKnownFileType = sourcecode.c.h; path = vector.h; sourceTree = "<group>"; };
		F6B8868D1DD1A49A00884EB2 /* raycast.c */ = {isa = PBXFileReference; fileEncoding = 4; lastKnownFileType = sourcecode.c.c; path = raycast.c; sourceTree = "<group>"; };
		F6B8868E1DD1A49A00884EB2 /* raycast.h */ = {isa = PBXFileReference; fileEncoding = 4; lastKnownFileType = sourcecode.c.h; path = raycast.h; sourceTree = "<group>"; };
		F6B886901DD1A4A400884EB2 /* ppm.c */ = {isa = PBXFileReference; fileEncoding = 4; lastKnownFileType = sourcecode.c.c; path = ppm.c; sourceTree = "<group>"; };
		F6B886911DD1A4A400884EB2 /* ppm.h */ = {isa = PBXFileReference; fileEncoding = 4; lastKnownFileType = sourcecode.c.h; path = ppm.h; sourceTree = "<group>"; };
		F6B886931DD1A4B600884EB2 /* json.c */ = {isa = PBXFileReference; fileEncoding = 4; lastKnownFileType = sourcecode.c.c; path = json.c; sourceTree = "<group>"; };
		F6B886941DD1A4B600884EB2 /* json.h */ = {isa = PBXFileReference; fileEncoding = 4; lastKnownFileType = sourcecode.c.h; path = json.h; sourceTree = "<group>"; };
		F6B886961DD1A4C900884EB2 /* illumination.c */ = {isa = PBXFileReference; fileEncoding = 4; lastKnownFileType = sourcecode.c.c; path = illumination.c; sourceTree = "<group>"; };
		F6B886971DD1A4C900884EB2 /* illumination.h */ = {isa = PBXFileReference; fileEncoding = 4; lastKnownFileType = sourcecode.c.h; path = illumination.h; sourceTree = "<group>"; };
		F6B886991DD1A4DB00884EB2 /* base.h */ = {isa = PBXFileReference; lastKnownFileType = sourcecode.c.h; path = base.h; sourceTree = "<group>"; };
/* End PBXFileReference section */

/* Begin PBXFrameworksBuildPhase section */
		F6B8867D1DD1A2E100884EB2 /* Frameworks */ = {
			isa = PBXFrameworksBuildPhase;
			buildActionMask = 2147483647;
			files = (
			);
			runOnlyForDeploymentPostprocessing = 0;
		};
/* End PBXFrameworksBuildPhase section */

/* Begin PBXGroup section */
		F6B886771DD1A2E100884EB2 = {
			isa = PBXGroup;
			children = (
				F6B886821DD1A2E100884EB2 /* RayTracing */,
				F6B886811DD1A2E100884EB2 /* Products */,
			);
			sourceTree = "<group>";
		};
		F6B886811DD1A2E100884EB2 /* Products */ = {
			isa = PBXGroup;
			children = (
				F6B886801DD1A2E100884EB2 /* RayTracing */,
			);
			name = Products;
			sourceTree = "<group>";
		};
		F6B886821DD1A2E100884EB2 /* RayTracing */ = {
			isa = PBXGroup;
			children = (
				F6B886831DD1A2E100884EB2 /* main.c */,
				F6B8868A1DD1A46F00884EB2 /* vector.c */,
				F6B8868B1DD1A46F00884EB2 /* vector.h */,
				F6B8868D1DD1A49A00884EB2 /* raycast.c */,
				F6B8868E1DD1A49A00884EB2 /* raycast.h */,
				F6B886901DD1A4A400884EB2 /* ppm.c */,
				F6B886911DD1A4A400884EB2 /* ppm.h */,
				F6B886931DD1A4B600884EB2 /* json.c */,
				F6B886941DD1A4B600884EB2 /* json.h */,
				F6B886961DD1A4C900884EB2 /* illumination.c */,
				F6B886971DD1A4C900884EB2 /* illumination.h */,
				F6B886991DD1A4DB00884EB2 /* base.h */,
			);
			path = RayTracing;
			sourceTree = "<group>";
		};
/* End PBXGroup section */

/* Begin PBXNativeTarget section */
		F6B8867F1DD1A2E100884EB2 /* RayTracing */ = {
			isa = PBXNativeTarget;
			buildConfigurationList = F6B886871DD1A2E100884EB2 /* Build configuration list for PBXNativeTarget "RayTracing" */;
			buildPhases = (
				F6B8867C1DD1A2E100884EB2 /* Sources */,
				F6B8867D1DD1A2E100884EB2 /* Frameworks */,
				F6B8867E1DD1A2E100884EB2 /* CopyFiles */,
			);
			buildRules = (
			);
			dependencies = (
			);
			name = RayTracing;
			productName = RayTracing;
			productReference = F6B886801DD1A2E100884EB2 /* RayTracing */;
			productType = "com.apple.product-type.tool";
		};
/* End PBXNativeTarget section */

/* Begin PBXProject section */
		F6B886781DD1A2E100884EB2 /* Project object */ = {
			isa = PBXProject;
			attributes = {
				LastUpgradeCheck = 0810;
				ORGANIZATIONNAME = jr2339;
				TargetAttributes = {
					F6B8867F1DD1A2E100884EB2 = {
						CreatedOnToolsVersion = 8.1;
						ProvisioningStyle = Automatic;
					};
				};
			};
			buildConfigurationList = F6B8867B1DD1A2E100884EB2 /* Build configuration list for PBXProject "RayTracing" */;
			compatibilityVersion = "Xcode 3.2";
			developmentRegion = English;
			hasScannedForEncodings = 0;
			knownRegions = (
				en,
			);
			mainGroup = F6B886771DD1A2E100884EB2;
			productRefGroup = F6B886811DD1A2E100884EB2 /* Products */;
			projectDirPath = "";
			projectRoot = "";
			targets = (
				F6B8867F1DD1A2E100884EB2 /* RayTracing */,
			);
		};
/* End PBXProject section */

/* Begin PBXSourcesBuildPhase section */
		F6B8867C1DD1A2E100884EB2 /* Sources */ = {
			isa = PBXSourcesBuildPhase;
			buildActionMask = 2147483647;
			files = (
				F6B886951DD1A4B600884EB2 /* json.c in Sources */,
				F6B8868C1DD1A46F00884EB2 /* vector.c in Sources */,
				F6B886981DD1A4C900884EB2 /* illumination.c in Sources */,
				F6B8868F1DD1A49A00884EB2 /* raycast.c in Sources */,
				F6B886841DD1A2E100884EB2 /* main.c in Sources */,
				F6B886921DD1A4A400884EB2 /* ppm.c in Sources */,
			);
			runOnlyForDeploymentPostprocessing = 0;
		};
/* End PBXSourcesBuildPhase section */

/* Begin XCBuildConfiguration section */
		F6B886851DD1A2E100884EB2 /* Debug */ = {
			isa = XCBuildConfiguration;
			buildSettings = {
				ALWAYS_SEARCH_USER_PATHS = NO;
				CLANG_ANALYZER_NONNULL = YES;
				CLANG_CXX_LANGUAGE_STANDARD = "gnu++0x";
				CLANG_CXX_LIBRARY = "libc++";
				CLANG_ENABLE_MODULES = YES;
				CLANG_ENABLE_OBJC_ARC = YES;
				CLANG_WARN_BOOL_CONVERSION = YES;
				CLANG_WARN_CONSTANT_CONVERSION = YES;
				CLANG_WARN_DIRECT_OBJC_ISA_USAGE = YES_ERROR;
				CLANG_WARN_DOCUMENTATION_COMMENTS = YES;
				CLANG_WARN_EMPTY_BODY = YES;
				CLANG_WARN_ENUM_CONVERSION = YES;
				CLANG_WARN_INFINITE_RECURSION = YES;
				CLANG_WARN_INT_CONVERSION = YES;
				CLANG_WARN_OBJC_ROOT_CLASS = YES_ERROR;
				CLANG_WARN_SUSPICIOUS_MOVES = YES;
				CLANG_WARN_UNREACHABLE_CODE = YES;
				CLANG_WARN__DUPLICATE_METHOD_MATCH = YES;
				CODE_SIGN_IDENTITY = "-";
				COPY_PHASE_STRIP = NO;
				DEBUG_INFORMATION_FORMAT = dwarf;
				ENABLE_STRICT_OBJC_MSGSEND = YES;
				ENABLE_TESTABILITY = YES;
				GCC_C_LANGUAGE_STANDARD = gnu99;
				GCC_DYNAMIC_NO_PIC = NO;
				GCC_NO_COMMON_BLOCKS = YES;
				GCC_OPTIMIZATION_LEVEL = 0;
				GCC_PREPROCESSOR_DEFINITIONS = (
					"DEBUG=1",
					"$(inherited)",
				);
				GCC_WARN_64_TO_32_BIT_CONVERSION = YES;
				GCC_WARN_ABOUT_RETURN_TYPE = YES_ERROR;
				GCC_WARN_UNDECLARED_SELECTOR = YES;
				GCC_WARN_UNINITIALIZED_AUTOS = YES_AGGRESSIVE;
				GCC_WARN_UNUSED_FUNCTION = YES;
				GCC_WARN_UNUSED_VARIABLE = YES;
				MACOSX_DEPLOYMENT_TARGET = 10.12;
				MTL_ENABLE_DEBUG_INFO = YES;
				ONLY_ACTIVE_ARCH = YES;
				SDKROOT = macosx;
			};
			name = Debug;
		};
		F6B886861DD1A2E100884EB2 /* Release */ = {
			isa = XCBuildConfiguration;
			buildSettings = {
				ALWAYS_SEARCH_USER_PATHS = NO;
				CLANG_ANALYZER_NONNULL = YES;
				CLANG_CXX_LANGUAGE_STANDARD = "gnu++0x";
				CLANG_CXX_LIBRARY = "libc++";
				CLANG_ENABLE_MODULES = YES;
				CLANG_ENABLE_OBJC_ARC = YES;
				CLANG_WARN_BOOL_CONVERSION = YES;
				CLANG_WARN_CONSTANT_CONVERSION = YES;
				CLANG_WARN_DIRECT_OBJC_ISA_USAGE = YES_ERROR;
				CLANG_WARN_DOCUMENTATION_COMMENTS = YES;
				CLANG_WARN_EMPTY_BODY = YES;
				CLANG_WARN_ENUM_CONVERSION = YES;
				CLANG_WARN_INFINITE_RECURSION = YES;
				CLANG_WARN_INT_CONVERSION = YES;
				CLANG_WARN_OBJC_ROOT_CLASS = YES_ERROR;
				CLANG_WARN_SUSPICIOUS_MOVES = YES;
				CLANG_WARN_UNREACHABLE_CODE = YES;
				CLANG_WARN__DUPLICATE_METHOD_MATCH = YES;
				CODE_SIGN_IDENTITY = "-";
				COPY_PHASE_STRIP = NO;
				DEBUG_INFORMATION_FORMAT = "dwarf-with-dsym";
				ENABLE_NS_ASSERTIONS = NO;
				ENABLE_STRICT_OBJC_MSGSEND = YES;
				GCC_C_LANGUAGE_STANDARD = gnu99;
				GCC_NO_COMMON_BLOCKS = YES;
				GCC_WARN_64_TO_32_BIT_CONVERSION = YES;
				GCC_WARN_ABOUT_RETURN_TYPE = YES_ERROR;
				GCC_WARN_UNDECLARED_SELECTOR = YES;
				GCC_WARN_UNINITIALIZED_AUTOS = YES_AGGRESSIVE;
				GCC_WARN_UNUSED_FUNCTION = YES;
				GCC_WARN_UNUSED_VARIABLE = YES;
				MACOSX_DEPLOYMENT_TARGET = 10.12;
				MTL_ENABLE_DEBUG_INFO = NO;
				SDKROOT = macosx;
			};
			name = Release;
		};
		F6B886881DD1A2E100884EB2 /* Debug */ = {
			isa = XCBuildConfiguration;
			buildSettings = {
				PRODUCT_NAME = "$(TARGET_NAME)";
			};
			name = Debug;
		};
		F6B886891DD1A2E100884EB2 /* Release */ = {
			isa = XCBuildConfiguration;
			buildSettings = {
				PRODUCT_NAME = "$(TARGET_NAME)";
			};
			name = Release;
		};
/* End XCBuildConfiguration section */

/* Begin XCConfigurationList section */
		F6B8867B1DD1A2E100884EB2 /* Build configuration list for PBXProject "RayTracing" */ = {
			isa = XCConfigurationList;
			buildConfigurations = (
				F6B886851DD1A2E100884EB2 /* Debug */,
				F6B886861DD1A2E100884EB2 /* Release */,
			);
			defaultConfigurationIsVisible = 0;
			defaultConfigurationName = Release;
		};
		F6B886871DD1A2E100884EB2 /* Build configuration list for PBXNativeTarget "RayTracing" */ = {
			isa = XCConfigurationList;
			buildConfigurations = (
				F6B886881DD1A2E100884EB2 /* Debug */,
				F6B886891DD1A2E100884EB2 /* Release */,
			);
			defaultConfigurationIsVisible = 0;
		};
/* End XCConfigurationList section */
	};
	rootObject = F6B886781DD1A2E100884EB2 /* Project object */;
}
